
Microsoft Visual Studio Solution File, Format Version 12.00
# Visual Studio Version 17
VisualStudioVersion = 17.9.34728.123
MinimumVisualStudioVersion = 10.0.40219.1
Project("{FAE04EC0-301F-11D3-BF4B-00C04F79EFBC}") = "Iterator", "Iterator\Iterator.csproj", "{C23B37CC-D869-4088-8AEF-8DF3DE240E09}"
EndProject
Global
	GlobalSection(SolutionConfigurationPlatforms) = preSolution
		Debug|Any CPU = Debug|Any CPU
		Release|Any CPU = Release|Any CPU
	EndGlobalSection
	GlobalSection(ProjectConfigurationPlatforms) = postSolution
		{C23B37CC-D869-4088-8AEF-8DF3DE240E09}.Debug|Any CPU.ActiveCfg = Debug|Any CPU
		{C23B37CC-D869-4088-8AEF-8DF3DE240E09}.Debug|Any CPU.Build.0 = Debug|Any CPU
		{C23B37CC-D869-4088-8AEF-8DF3DE240E09}.Release|Any CPU.ActiveCfg = Release|Any CPU
		{C23B37CC-D869-4088-8AEF-8DF3DE240E09}.Release|Any CPU.Build.0 = Release|Any CPU
	EndGlobalSection
	GlobalSection(SolutionProperties) = preSolution
		HideSolutionNode = FALSE
	EndGlobalSection
	GlobalSection(ExtensibilityGlobals) = postSolution
		SolutionGuid = {A3D57691-4F61-4857-AEF0-3D07C3CF075A}
	EndGlobalSection
EndGlobal
