
Microsoft Visual Studio Solution File, Format Version 12.00
# Visual Studio Version 17
VisualStudioVersion = 17.9.34728.123
MinimumVisualStudioVersion = 10.0.40219.1
Project("{FAE04EC0-301F-11D3-BF4B-00C04F79EFBC}") = "GenericsConsoleApp", "GenericsConsoleApp\GenericsConsoleApp.csproj", "{6EAB85FC-8B2E-4A07-9EE2-9DC406D87960}"
EndProject
Global
	GlobalSection(SolutionConfigurationPlatforms) = preSolution
		Debug|Any CPU = Debug|Any CPU
		Release|Any CPU = Release|Any CPU
	EndGlobalSection
	GlobalSection(ProjectConfigurationPlatforms) = postSolution
		{6EAB85FC-8B2E-4A07-9EE2-9DC406D87960}.Debug|Any CPU.ActiveCfg = Debug|Any CPU
		{6EAB85FC-8B2E-4A07-9EE2-9DC406D87960}.Debug|Any CPU.Build.0 = Debug|Any CPU
		{6EAB85FC-8B2E-4A07-9EE2-9DC406D87960}.Release|Any CPU.ActiveCfg = Release|Any CPU
		{6EAB85FC-8B2E-4A07-9EE2-9DC406D87960}.Release|Any CPU.Build.0 = Release|Any CPU
	EndGlobalSection
	GlobalSection(SolutionProperties) = preSolution
		HideSolutionNode = FALSE
	EndGlobalSection
	GlobalSection(ExtensibilityGlobals) = postSolution
		SolutionGuid = {43958B40-659E-4910-B9FE-52B6B2CC39EC}
	EndGlobalSection
EndGlobal
